
Microsoft Visual Studio Solution File, Format Version 12.00
# Visual Studio 15
VisualStudioVersion = 15.0.27004.2005
MinimumVisualStudioVersion = 10.0.40219.1
Project("{FAE04EC0-301F-11D3-BF4B-00C04F79EFBC}") = "pngsteg", "pngsteg\pngsteg.csproj", "{973DDC2E-A4E5-4CFD-86A4-2128AC073B2C}"
EndProject
Global
	GlobalSection(SolutionConfigurationPlatforms) = preSolution
		Debug|Any CPU = Debug|Any CPU
		Release|Any CPU = Release|Any CPU
	EndGlobalSection
	GlobalSection(ProjectConfigurationPlatforms) = postSolution
		{973DDC2E-A4E5-4CFD-86A4-2128AC073B2C}.Debug|Any CPU.ActiveCfg = Debug|Any CPU
		{973DDC2E-A4E5-4CFD-86A4-2128AC073B2C}.Debug|Any CPU.Build.0 = Debug|Any CPU
		{973DDC2E-A4E5-4CFD-86A4-2128AC073B2C}.Release|Any CPU.ActiveCfg = Release|Any CPU
		{973DDC2E-A4E5-4CFD-86A4-2128AC073B2C}.Release|Any CPU.Build.0 = Release|Any CPU
	EndGlobalSection
	GlobalSection(SolutionProperties) = preSolution
		HideSolutionNode = FALSE
	EndGlobalSection
	GlobalSection(ExtensibilityGlobals) = postSolution
		SolutionGuid = {38C01913-A3F0-4BBA-BC2D-1683BA12CE4E}
	EndGlobalSection
EndGlobal
